
Microsoft Visual Studio Solution File, Format Version 12.00
# Visual Studio Version 16
VisualStudioVersion = 16.0.33927.289
MinimumVisualStudioVersion = 10.0.40219.1
Project("{FAE04EC0-301F-11D3-BF4B-00C04F79EFBC}") = "лаба 7", "лаба 7\лаба 7.csproj", "{16F9F23E-29C5-44A0-8F0C-9489F04FCEF2}"
EndProject
Global
	GlobalSection(SolutionConfigurationPlatforms) = preSolution
		Debug|Any CPU = Debug|Any CPU
		Release|Any CPU = Release|Any CPU
	EndGlobalSection
	GlobalSection(ProjectConfigurationPlatforms) = postSolution
		{16F9F23E-29C5-44A0-8F0C-9489F04FCEF2}.Debug|Any CPU.ActiveCfg = Debug|Any CPU
		{16F9F23E-29C5-44A0-8F0C-9489F04FCEF2}.Debug|Any CPU.Build.0 = Debug|Any CPU
		{16F9F23E-29C5-44A0-8F0C-9489F04FCEF2}.Release|Any CPU.ActiveCfg = Release|Any CPU
		{16F9F23E-29C5-44A0-8F0C-9489F04FCEF2}.Release|Any CPU.Build.0 = Release|Any CPU
	EndGlobalSection
	GlobalSection(SolutionProperties) = preSolution
		HideSolutionNode = FALSE
	EndGlobalSection
	GlobalSection(ExtensibilityGlobals) = postSolution
		SolutionGuid = {BA3994C8-A453-42BC-BAF3-DBF2440DD69F}
	EndGlobalSection
EndGlobal
